
Microsoft Visual Studio Solution File, Format Version 12.00
# Visual Studio Version 17
VisualStudioVersion = 17.7.33808.371
MinimumVisualStudioVersion = 10.0.40219.1
Project("{9A19103F-16F7-4668-BE54-9A1E7A4F7556}") = "TES3Lib", "TES3Tool\TES3Lib\TES3Lib.csproj", "{F59D3033-0157-4B07-BBD5-DC44DA5176F1}"
EndProject
Project("{9A19103F-16F7-4668-BE54-9A1E7A4F7556}") = "Utility", "TES3Tool\Utility\Utility.csproj", "{575DA76E-AF08-4CB5-9749-EB20B519B672}"
EndProject
Project("{2150E333-8FDC-42A3-9474-1A3956D46DE8}") = "lib", "lib", "{C8EA0A6D-9BA3-4981-8AA1-E517BF31BEC2}"
EndProject
Project("{9A19103F-16F7-4668-BE54-9A1E7A4F7556}") = "Tes3EditX.Backend", "Tes3EditX.Backend\Tes3EditX.Backend.csproj", "{1D40C8C6-8D99-432B-A2A4-4C87AF5A49F1}"
EndProject
Project("{9A19103F-16F7-4668-BE54-9A1E7A4F7556}") = "Tes3EditX.Winui", "Tes3EditX.Winui\Tes3EditX.Winui.csproj", "{DE35155E-6FBE-441F-8A83-FFE78751F38D}"
EndProject
Global
	GlobalSection(SolutionConfigurationPlatforms) = preSolution
		Debug|Any CPU = Debug|Any CPU
		Debug|ARM64 = Debug|ARM64
		Debug|x64 = Debug|x64
		Debug|x86 = Debug|x86
		Release|Any CPU = Release|Any CPU
		Release|ARM64 = Release|ARM64
		Release|x64 = Release|x64
		Release|x86 = Release|x86
	EndGlobalSection
	GlobalSection(ProjectConfigurationPlatforms) = postSolution
		{F59D3033-0157-4B07-BBD5-DC44DA5176F1}.Debug|Any CPU.ActiveCfg = Debug|Any CPU
		{F59D3033-0157-4B07-BBD5-DC44DA5176F1}.Debug|Any CPU.Build.0 = Debug|Any CPU
		{F59D3033-0157-4B07-BBD5-DC44DA5176F1}.Debug|ARM64.ActiveCfg = Debug|Any CPU
		{F59D3033-0157-4B07-BBD5-DC44DA5176F1}.Debug|ARM64.Build.0 = Debug|Any CPU
		{F59D3033-0157-4B07-BBD5-DC44DA5176F1}.Debug|x64.ActiveCfg = Debug|Any CPU
		{F59D3033-0157-4B07-BBD5-DC44DA5176F1}.Debug|x64.Build.0 = Debug|Any CPU
		{F59D3033-0157-4B07-BBD5-DC44DA5176F1}.Debug|x86.ActiveCfg = Debug|Any CPU
		{F59D3033-0157-4B07-BBD5-DC44DA5176F1}.Debug|x86.Build.0 = Debug|Any CPU
		{F59D3033-0157-4B07-BBD5-DC44DA5176F1}.Release|Any CPU.ActiveCfg = Release|Any CPU
		{F59D3033-0157-4B07-BBD5-DC44DA5176F1}.Release|Any CPU.Build.0 = Release|Any CPU
		{F59D3033-0157-4B07-BBD5-DC44DA5176F1}.Release|ARM64.ActiveCfg = Release|Any CPU
		{F59D3033-0157-4B07-BBD5-DC44DA5176F1}.Release|ARM64.Build.0 = Release|Any CPU
		{F59D3033-0157-4B07-BBD5-DC44DA5176F1}.Release|x64.ActiveCfg = Release|Any CPU
		{F59D3033-0157-4B07-BBD5-DC44DA5176F1}.Release|x64.Build.0 = Release|Any CPU
		{F59D3033-0157-4B07-BBD5-DC44DA5176F1}.Release|x86.ActiveCfg = Release|Any CPU
		{F59D3033-0157-4B07-BBD5-DC44DA5176F1}.Release|x86.Build.0 = Release|Any CPU
		{575DA76E-AF08-4CB5-9749-EB20B519B672}.Debug|Any CPU.ActiveCfg = Debug|Any CPU
		{575DA76E-AF08-4CB5-9749-EB20B519B672}.Debug|Any CPU.Build.0 = Debug|Any CPU
		{575DA76E-AF08-4CB5-9749-EB20B519B672}.Debug|ARM64.ActiveCfg = Debug|Any CPU
		{575DA76E-AF08-4CB5-9749-EB20B519B672}.Debug|ARM64.Build.0 = Debug|Any CPU
		{575DA76E-AF08-4CB5-9749-EB20B519B672}.Debug|x64.ActiveCfg = Debug|Any CPU
		{575DA76E-AF08-4CB5-9749-EB20B519B672}.Debug|x64.Build.0 = Debug|Any CPU
		{575DA76E-AF08-4CB5-9749-EB20B519B672}.Debug|x86.ActiveCfg = Debug|Any CPU
		{575DA76E-AF08-4CB5-9749-EB20B519B672}.Debug|x86.Build.0 = Debug|Any CPU
		{575DA76E-AF08-4CB5-9749-EB20B519B672}.Release|Any CPU.ActiveCfg = Release|Any CPU
		{575DA76E-AF08-4CB5-9749-EB20B519B672}.Release|Any CPU.Build.0 = Release|Any CPU
		{575DA76E-AF08-4CB5-9749-EB20B519B672}.Release|ARM64.ActiveCfg = Release|Any CPU
		{575DA76E-AF08-4CB5-9749-EB20B519B672}.Release|ARM64.Build.0 = Release|Any CPU
		{575DA76E-AF08-4CB5-9749-EB20B519B672}.Release|x64.ActiveCfg = Release|Any CPU
		{575DA76E-AF08-4CB5-9749-EB20B519B672}.Release|x64.Build.0 = Release|Any CPU
		{575DA76E-AF08-4CB5-9749-EB20B519B672}.Release|x86.ActiveCfg = Release|Any CPU
		{575DA76E-AF08-4CB5-9749-EB20B519B672}.Release|x86.Build.0 = Release|Any CPU
		{1D40C8C6-8D99-432B-A2A4-4C87AF5A49F1}.Debug|Any CPU.ActiveCfg = Debug|Any CPU
		{1D40C8C6-8D99-432B-A2A4-4C87AF5A49F1}.Debug|Any CPU.Build.0 = Debug|Any CPU
		{1D40C8C6-8D99-432B-A2A4-4C87AF5A49F1}.Debug|ARM64.ActiveCfg = Debug|Any CPU
		{1D40C8C6-8D99-432B-A2A4-4C87AF5A49F1}.Debug|ARM64.Build.0 = Debug|Any CPU
		{1D40C8C6-8D99-432B-A2A4-4C87AF5A49F1}.Debug|x64.ActiveCfg = Debug|Any CPU
		{1D40C8C6-8D99-432B-A2A4-4C87AF5A49F1}.Debug|x64.Build.0 = Debug|Any CPU
		{1D40C8C6-8D99-432B-A2A4-4C87AF5A49F1}.Debug|x86.ActiveCfg = Debug|Any CPU
		{1D40C8C6-8D99-432B-A2A4-4C87AF5A49F1}.Debug|x86.Build.0 = Debug|Any CPU
		{1D40C8C6-8D99-432B-A2A4-4C87AF5A49F1}.Release|Any CPU.ActiveCfg = Release|Any CPU
		{1D40C8C6-8D99-432B-A2A4-4C87AF5A49F1}.Release|Any CPU.Build.0 = Release|Any CPU
		{1D40C8C6-8D99-432B-A2A4-4C87AF5A49F1}.Release|ARM64.ActiveCfg = Release|Any CPU
		{1D40C8C6-8D99-432B-A2A4-4C87AF5A49F1}.Release|ARM64.Build.0 = Release|Any CPU
		{1D40C8C6-8D99-432B-A2A4-4C87AF5A49F1}.Release|x64.ActiveCfg = Release|Any CPU
		{1D40C8C6-8D99-432B-A2A4-4C87AF5A49F1}.Release|x64.Build.0 = Release|Any CPU
		{1D40C8C6-8D99-432B-A2A4-4C87AF5A49F1}.Release|x86.ActiveCfg = Release|Any CPU
		{1D40C8C6-8D99-432B-A2A4-4C87AF5A49F1}.Release|x86.Build.0 = Release|Any CPU
		{DE35155E-6FBE-441F-8A83-FFE78751F38D}.Debug|Any CPU.ActiveCfg = Debug|x64
		{DE35155E-6FBE-441F-8A83-FFE78751F38D}.Debug|Any CPU.Build.0 = Debug|x64
		{DE35155E-6FBE-441F-8A83-FFE78751F38D}.Debug|Any CPU.Deploy.0 = Debug|x64
		{DE35155E-6FBE-441F-8A83-FFE78751F38D}.Debug|ARM64.ActiveCfg = Debug|ARM64
		{DE35155E-6FBE-441F-8A83-FFE78751F38D}.Debug|ARM64.Build.0 = Debug|ARM64
		{DE35155E-6FBE-441F-8A83-FFE78751F38D}.Debug|ARM64.Deploy.0 = Debug|ARM64
		{DE35155E-6FBE-441F-8A83-FFE78751F38D}.Debug|x64.ActiveCfg = Debug|x64
		{DE35155E-6FBE-441F-8A83-FFE78751F38D}.Debug|x64.Build.0 = Debug|x64
		{DE35155E-6FBE-441F-8A83-FFE78751F38D}.Debug|x64.Deploy.0 = Debug|x64
		{DE35155E-6FBE-441F-8A83-FFE78751F38D}.Debug|x86.ActiveCfg = Debug|x86
		{DE35155E-6FBE-441F-8A83-FFE78751F38D}.Debug|x86.Build.0 = Debug|x86
		{DE35155E-6FBE-441F-8A83-FFE78751F38D}.Debug|x86.Deploy.0 = Debug|x86
		{DE35155E-6FBE-441F-8A83-FFE78751F38D}.Release|Any CPU.ActiveCfg = Release|x64
		{DE35155E-6FBE-441F-8A83-FFE78751F38D}.Release|Any CPU.Build.0 = Release|x64
		{DE35155E-6FBE-441F-8A83-FFE78751F38D}.Release|Any CPU.Deploy.0 = Release|x64
		{DE35155E-6FBE-441F-8A83-FFE78751F38D}.Release|ARM64.ActiveCfg = Release|ARM64
		{DE35155E-6FBE-441F-8A83-FFE78751F38D}.Release|ARM64.Build.0 = Release|ARM64
		{DE35155E-6FBE-441F-8A83-FFE78751F38D}.Release|ARM64.Deploy.0 = Release|ARM64
		{DE35155E-6FBE-441F-8A83-FFE78751F38D}.Release|x64.ActiveCfg = Release|x64
		{DE35155E-6FBE-441F-8A83-FFE78751F38D}.Release|x64.Build.0 = Release|x64
		{DE35155E-6FBE-441F-8A83-FFE78751F38D}.Release|x64.Deploy.0 = Release|x64
		{DE35155E-6FBE-441F-8A83-FFE78751F38D}.Release|x86.ActiveCfg = Release|x86
		{DE35155E-6FBE-441F-8A83-FFE78751F38D}.Release|x86.Build.0 = Release|x86
		{DE35155E-6FBE-441F-8A83-FFE78751F38D}.Release|x86.Deploy.0 = Release|x86
	EndGlobalSection
	GlobalSection(SolutionProperties) = preSolution
		HideSolutionNode = FALSE
	EndGlobalSection
	GlobalSection(NestedProjects) = preSolution
		{F59D3033-0157-4B07-BBD5-DC44DA5176F1} = {C8EA0A6D-9BA3-4981-8AA1-E517BF31BEC2}
		{575DA76E-AF08-4CB5-9749-EB20B519B672} = {C8EA0A6D-9BA3-4981-8AA1-E517BF31BEC2}
	EndGlobalSection
	GlobalSection(ExtensibilityGlobals) = postSolution
		SolutionGuid = {45AB4DB7-1100-4F8B-A5A9-E2B1A81509AF}
	EndGlobalSection
EndGlobal
